
Microsoft Visual Studio Solution File, Format Version 12.00
# Visual Studio Version 16
VisualStudioVersion = 16.0.31205.134
MinimumVisualStudioVersion = 10.0.40219.1
Project("{9A19103F-16F7-4668-BE54-9A1E7A4F7556}") = "AppointmentManagerCapstone", "AppointmentManagerCapstone\AppointmentManagerCapstone.csproj", "{F86051BD-DDD2-4D34-8FCA-6C45B03DE0A2}"
EndProject
Project("{FAE04EC0-301F-11D3-BF4B-00C04F79EFBC}") = "TestProjectCapstone", "TestProjectCapstone\TestProjectCapstone.csproj", "{01965D37-0F97-4126-B00F-F704AB5AA2F2}"
EndProject
Global
	GlobalSection(SolutionConfigurationPlatforms) = preSolution
		Debug|Any CPU = Debug|Any CPU
		Release|Any CPU = Release|Any CPU
	EndGlobalSection
	GlobalSection(ProjectConfigurationPlatforms) = postSolution
		{F86051BD-DDD2-4D34-8FCA-6C45B03DE0A2}.Debug|Any CPU.ActiveCfg = Debug|Any CPU
		{F86051BD-DDD2-4D34-8FCA-6C45B03DE0A2}.Debug|Any CPU.Build.0 = Debug|Any CPU
		{F86051BD-DDD2-4D34-8FCA-6C45B03DE0A2}.Release|Any CPU.ActiveCfg = Release|Any CPU
		{F86051BD-DDD2-4D34-8FCA-6C45B03DE0A2}.Release|Any CPU.Build.0 = Release|Any CPU
		{01965D37-0F97-4126-B00F-F704AB5AA2F2}.Debug|Any CPU.ActiveCfg = Debug|Any CPU
		{01965D37-0F97-4126-B00F-F704AB5AA2F2}.Debug|Any CPU.Build.0 = Debug|Any CPU
		{01965D37-0F97-4126-B00F-F704AB5AA2F2}.Release|Any CPU.ActiveCfg = Release|Any CPU
		{01965D37-0F97-4126-B00F-F704AB5AA2F2}.Release|Any CPU.Build.0 = Release|Any CPU
	EndGlobalSection
	GlobalSection(SolutionProperties) = preSolution
		HideSolutionNode = FALSE
	EndGlobalSection
	GlobalSection(ExtensibilityGlobals) = postSolution
		SolutionGuid = {A8236CC4-C4A8-441B-893A-E72AC4A97E27}
	EndGlobalSection
EndGlobal
